// !$*UTF8*$!
{
	archiveVersion = 1;
	classes = {
	};
	objectVersion = 56;
	objects = {

/* Begin PBXBuildFile section */
		46A6D6DA2A2DE55800572121 /* PedroPascalLandApp.swift in Sources */ = {isa = PBXBuildFile; fileRef = 46A6D6D92A2DE55800572121 /* PedroPascalLandApp.swift */; };
		46A6D6DC2A2DE55800572121 /* EntryView.swift in Sources */ = {isa = PBXBuildFile; fileRef = 46A6D6DB2A2DE55800572121 /* EntryView.swift */; };
		46A6D6DE2A2DE55A00572121 /* Assets.xcassets in Resources */ = {isa = PBXBuildFile; fileRef = 46A6D6DD2A2DE55A00572121 /* Assets.xcassets */; };
		46A6D6E12A2DE55A00572121 /* Preview Assets.xcassets in Resources */ = {isa = PBXBuildFile; fileRef = 46A6D6E02A2DE55A00572121 /* Preview Assets.xcassets */; };
		46A6D6E92A2DF12E00572121 /* Constants.swift in Sources */ = {isa = PBXBuildFile; fileRef = 46A6D6E82A2DF12E00572121 /* Constants.swift */; };
		46A6D6EC2A2DF21400572121 /* HeaderView.swift in Sources */ = {isa = PBXBuildFile; fileRef = 46A6D6EB2A2DF21400572121 /* HeaderView.swift */; };
		46A6D6F02A2DF3D200572121 /* FuzzyBubbles-Regular.ttf in Resources */ = {isa = PBXBuildFile; fileRef = 46A6D6EE2A2DF3D200572121 /* FuzzyBubbles-Regular.ttf */; };
		46A6D6F12A2DF3D200572121 /* FuzzyBubbles-Bold.ttf in Resources */ = {isa = PBXBuildFile; fileRef = 46A6D6EF2A2DF3D200572121 /* FuzzyBubbles-Bold.ttf */; };
		46A6D6F62A2E0A5300572121 /* EnterButtonView.swift in Sources */ = {isa = PBXBuildFile; fileRef = 46A6D6F52A2E0A5300572121 /* EnterButtonView.swift */; };
		46A6D6F82A2E100900572121 /* PresentationView.swift in Sources */ = {isa = PBXBuildFile; fileRef = 46A6D6F72A2E100900572121 /* PresentationView.swift */; };
		46A6D6FA2A2E274B00572121 /* ImageView.swift in Sources */ = {isa = PBXBuildFile; fileRef = 46A6D6F92A2E274B00572121 /* ImageView.swift */; };
		46A6D6FC2A2E2AEE00572121 /* PresentationTableView.swift in Sources */ = {isa = PBXBuildFile; fileRef = 46A6D6FB2A2E2AEE00572121 /* PresentationTableView.swift */; };
		46A6D6FE2A2E2D6A00572121 /* RoundedCornerView.swift in Sources */ = {isa = PBXBuildFile; fileRef = 46A6D6FD2A2E2D6A00572121 /* RoundedCornerView.swift */; };
		46A6D7012A2E3BBA00572121 /* BasicPersonData.swift in Sources */ = {isa = PBXBuildFile; fileRef = 46A6D7002A2E3BBA00572121 /* BasicPersonData.swift */; };
		46A6D7042A2E3C0D00572121 /* OrderedCollections in Frameworks */ = {isa = PBXBuildFile; productRef = 46A6D7032A2E3C0D00572121 /* OrderedCollections */; };
		46A6D7062A2E542600572121 /* InterestingFactsView.swift in Sources */ = {isa = PBXBuildFile; fileRef = 46A6D7052A2E542600572121 /* InterestingFactsView.swift */; };
		46A6D7082A2E54DC00572121 /* TitleView.swift in Sources */ = {isa = PBXBuildFile; fileRef = 46A6D7072A2E54DC00572121 /* TitleView.swift */; };
		46A6D70A2A2E5ABA00572121 /* FactsData.swift in Sources */ = {isa = PBXBuildFile; fileRef = 46A6D7092A2E5ABA00572121 /* FactsData.swift */; };
		46A6D70C2A2E7BA300572121 /* MoviesCardView.swift in Sources */ = {isa = PBXBuildFile; fileRef = 46A6D70B2A2E7BA300572121 /* MoviesCardView.swift */; };
		46A6D70F2A2E7C0C00572121 /* MovieModel.swift in Sources */ = {isa = PBXBuildFile; fileRef = 46A6D70E2A2E7C0C00572121 /* MovieModel.swift */; };
		46A6D7112A3088B900572121 /* MoviesData.swift in Sources */ = {isa = PBXBuildFile; fileRef = 46A6D7102A3088B900572121 /* MoviesData.swift */; };
		46A6D7152A30911A00572121 /* RatingView.swift in Sources */ = {isa = PBXBuildFile; fileRef = 46A6D7142A30911A00572121 /* RatingView.swift */; };
		46A6D7172A309F8200572121 /* MovieDetailsView.swift in Sources */ = {isa = PBXBuildFile; fileRef = 46A6D7162A309F8200572121 /* MovieDetailsView.swift */; };
		46A6D71E2A30DE5E00572121 /* DeveloperInfoView.swift in Sources */ = {isa = PBXBuildFile; fileRef = 46A6D71D2A30DE5E00572121 /* DeveloperInfoView.swift */; };
		46A6D7202A30E1CA00572121 /* DeveloperInfoData.swift in Sources */ = {isa = PBXBuildFile; fileRef = 46A6D71F2A30E1CA00572121 /* DeveloperInfoData.swift */; };
		46A6D7222A30F4E300572121 /* DeveloperInfoModel.swift in Sources */ = {isa = PBXBuildFile; fileRef = 46A6D7212A30F4E300572121 /* DeveloperInfoModel.swift */; };
		46A6D7242A31097500572121 /* AnimationView.swift in Sources */ = {isa = PBXBuildFile; fileRef = 46A6D7232A31097500572121 /* AnimationView.swift */; };
		46A6D72A2A31186100572121 /* PedroPascalLandTabView.swift in Sources */ = {isa = PBXBuildFile; fileRef = 46A6D7292A31186000572121 /* PedroPascalLandTabView.swift */; };
/* End PBXBuildFile section */

/* Begin PBXFileReference section */
		46A6D6D62A2DE55800572121 /* PedroPascalLand.app */ = {isa = PBXFileReference; explicitFileType = wrapper.application; includeInIndex = 0; path = PedroPascalLand.app; sourceTree = BUILT_PRODUCTS_DIR; };
		46A6D6D92A2DE55800572121 /* PedroPascalLandApp.swift */ = {isa = PBXFileReference; lastKnownFileType = sourcecode.swift; path = PedroPascalLandApp.swift; sourceTree = "<group>"; };
		46A6D6DB2A2DE55800572121 /* EntryView.swift */ = {isa = PBXFileReference; lastKnownFileType = sourcecode.swift; path = EntryView.swift; sourceTree = "<group>"; };
		46A6D6DD2A2DE55A00572121 /* Assets.xcassets */ = {isa = PBXFileReference; lastKnownFileType = folder.assetcatalog; path = Assets.xcassets; sourceTree = "<group>"; };
		46A6D6E02A2DE55A00572121 /* Preview Assets.xcassets */ = {isa = PBXFileReference; lastKnownFileType = folder.assetcatalog; path = "Preview Assets.xcassets"; sourceTree = "<group>"; };
		46A6D6E82A2DF12E00572121 /* Constants.swift */ = {isa = PBXFileReference; lastKnownFileType = sourcecode.swift; path = Constants.swift; sourceTree = "<group>"; };
		46A6D6EB2A2DF21400572121 /* HeaderView.swift */ = {isa = PBXFileReference; lastKnownFileType = sourcecode.swift; path = HeaderView.swift; sourceTree = "<group>"; };
		46A6D6EE2A2DF3D200572121 /* FuzzyBubbles-Regular.ttf */ = {isa = PBXFileReference; lastKnownFileType = file; path = "FuzzyBubbles-Regular.ttf"; sourceTree = "<group>"; };
		46A6D6EF2A2DF3D200572121 /* FuzzyBubbles-Bold.ttf */ = {isa = PBXFileReference; lastKnownFileType = file; path = "FuzzyBubbles-Bold.ttf"; sourceTree = "<group>"; };
		46A6D6F22A2DF3EE00572121 /* Info.plist */ = {isa = PBXFileReference; lastKnownFileType = text.plist; path = Info.plist; sourceTree = "<group>"; };
		46A6D6F52A2E0A5300572121 /* EnterButtonView.swift */ = {isa = PBXFileReference; lastKnownFileType = sourcecode.swift; path = EnterButtonView.swift; sourceTree = "<group>"; };
		46A6D6F72A2E100900572121 /* PresentationView.swift */ = {isa = PBXFileReference; lastKnownFileType = sourcecode.swift; path = PresentationView.swift; sourceTree = "<group>"; };
		46A6D6F92A2E274B00572121 /* ImageView.swift */ = {isa = PBXFileReference; lastKnownFileType = sourcecode.swift; path = ImageView.swift; sourceTree = "<group>"; };
		46A6D6FB2A2E2AEE00572121 /* PresentationTableView.swift */ = {isa = PBXFileReference; lastKnownFileType = sourcecode.swift; path = PresentationTableView.swift; sourceTree = "<group>"; };
		46A6D6FD2A2E2D6A00572121 /* RoundedCornerView.swift */ = {isa = PBXFileReference; lastKnownFileType = sourcecode.swift; path = RoundedCornerView.swift; sourceTree = "<group>"; };
		46A6D7002A2E3BBA00572121 /* BasicPersonData.swift */ = {isa = PBXFileReference; lastKnownFileType = sourcecode.swift; path = BasicPersonData.swift; sourceTree = "<group>"; };
		46A6D7052A2E542600572121 /* InterestingFactsView.swift */ = {isa = PBXFileReference; lastKnownFileType = sourcecode.swift; path = InterestingFactsView.swift; sourceTree = "<group>"; };
		46A6D7072A2E54DC00572121 /* TitleView.swift */ = {isa = PBXFileReference; lastKnownFileType = sourcecode.swift; path = TitleView.swift; sourceTree = "<group>"; };
		46A6D7092A2E5ABA00572121 /* FactsData.swift */ = {isa = PBXFileReference; lastKnownFileType = sourcecode.swift; path = FactsData.swift; sourceTree = "<group>"; };
		46A6D70B2A2E7BA300572121 /* MoviesCardView.swift */ = {isa = PBXFileReference; lastKnownFileType = sourcecode.swift; path = MoviesCardView.swift; sourceTree = "<group>"; };
		46A6D70E2A2E7C0C00572121 /* MovieModel.swift */ = {isa = PBXFileReference; lastKnownFileType = sourcecode.swift; path = MovieModel.swift; sourceTree = "<group>"; };
		46A6D7102A3088B900572121 /* MoviesData.swift */ = {isa = PBXFileReference; lastKnownFileType = sourcecode.swift; path = MoviesData.swift; sourceTree = "<group>"; };
		46A6D7142A30911A00572121 /* RatingView.swift */ = {isa = PBXFileReference; lastKnownFileType = sourcecode.swift; path = RatingView.swift; sourceTree = "<group>"; };
		46A6D7162A309F8200572121 /* MovieDetailsView.swift */ = {isa = PBXFileReference; lastKnownFileType = sourcecode.swift; path = MovieDetailsView.swift; sourceTree = "<group>"; };
		46A6D71D2A30DE5E00572121 /* DeveloperInfoView.swift */ = {isa = PBXFileReference; lastKnownFileType = sourcecode.swift; path = DeveloperInfoView.swift; sourceTree = "<group>"; };
		46A6D71F2A30E1CA00572121 /* DeveloperInfoData.swift */ = {isa = PBXFileReference; lastKnownFileType = sourcecode.swift; path = DeveloperInfoData.swift; sourceTree = "<group>"; };
		46A6D7212A30F4E300572121 /* DeveloperInfoModel.swift */ = {isa = PBXFileReference; lastKnownFileType = sourcecode.swift; path = DeveloperInfoModel.swift; sourceTree = "<group>"; };
		46A6D7232A31097500572121 /* AnimationView.swift */ = {isa = PBXFileReference; lastKnownFileType = sourcecode.swift; path = AnimationView.swift; sourceTree = "<group>"; };
		46A6D7292A31186000572121 /* PedroPascalLandTabView.swift */ = {isa = PBXFileReference; lastKnownFileType = sourcecode.swift; path = PedroPascalLandTabView.swift; sourceTree = "<group>"; };
/* End PBXFileReference section */

/* Begin PBXFrameworksBuildPhase section */
		46A6D6D32A2DE55800572121 /* Frameworks */ = {
			isa = PBXFrameworksBuildPhase;
			buildActionMask = 2147483647;
			files = (
				46A6D7042A2E3C0D00572121 /* OrderedCollections in Frameworks */,
			);
			runOnlyForDeploymentPostprocessing = 0;
		};
/* End PBXFrameworksBuildPhase section */

/* Begin PBXGroup section */
		46A6D6CD2A2DE55800572121 = {
			isa = PBXGroup;
			children = (
				46A6D6D82A2DE55800572121 /* PedroPascalLand */,
				46A6D6D72A2DE55800572121 /* Products */,
			);
			sourceTree = "<group>";
		};
		46A6D6D72A2DE55800572121 /* Products */ = {
			isa = PBXGroup;
			children = (
				46A6D6D62A2DE55800572121 /* PedroPascalLand.app */,
			);
			name = Products;
			sourceTree = "<group>";
		};
		46A6D6D82A2DE55800572121 /* PedroPascalLand */ = {
			isa = PBXGroup;
			children = (
				46A6D70D2A2E7BF700572121 /* Models */,
				46A6D6FF2A2E3B9A00572121 /* Data */,
				46A6D6F22A2DF3EE00572121 /* Info.plist */,
				46A6D6ED2A2DF3C100572121 /* Fonts */,
				46A6D6E72A2DF12000572121 /* Utilities */,
				46A6D6D92A2DE55800572121 /* PedroPascalLandApp.swift */,
				46A6D6EA2A2DF1AC00572121 /* Views */,
				46A6D6DD2A2DE55A00572121 /* Assets.xcassets */,
				46A6D6DF2A2DE55A00572121 /* Preview Content */,
			);
			path = PedroPascalLand;
			sourceTree = "<group>";
		};
		46A6D6DF2A2DE55A00572121 /* Preview Content */ = {
			isa = PBXGroup;
			children = (
				46A6D6E02A2DE55A00572121 /* Preview Assets.xcassets */,
			);
			path = "Preview Content";
			sourceTree = "<group>";
		};
		46A6D6E72A2DF12000572121 /* Utilities */ = {
			isa = PBXGroup;
			children = (
				46A6D6E82A2DF12E00572121 /* Constants.swift */,
			);
			path = Utilities;
			sourceTree = "<group>";
		};
		46A6D6EA2A2DF1AC00572121 /* Views */ = {
			isa = PBXGroup;
			children = (
				46A6D6DB2A2DE55800572121 /* EntryView.swift */,
				46A6D6EB2A2DF21400572121 /* HeaderView.swift */,
				46A6D7072A2E54DC00572121 /* TitleView.swift */,
				46A6D6F52A2E0A5300572121 /* EnterButtonView.swift */,
				46A6D6F72A2E100900572121 /* PresentationView.swift */,
				46A6D6F92A2E274B00572121 /* ImageView.swift */,
				46A6D6FB2A2E2AEE00572121 /* PresentationTableView.swift */,
				46A6D6FD2A2E2D6A00572121 /* RoundedCornerView.swift */,
				46A6D7052A2E542600572121 /* InterestingFactsView.swift */,
				46A6D70B2A2E7BA300572121 /* MoviesCardView.swift */,
				46A6D7162A309F8200572121 /* MovieDetailsView.swift */,
				46A6D7142A30911A00572121 /* RatingView.swift */,
				46A6D71D2A30DE5E00572121 /* DeveloperInfoView.swift */,
				46A6D7232A31097500572121 /* AnimationView.swift */,
				46A6D7292A31186000572121 /* PedroPascalLandTabView.swift */,
			);
			path = Views;
			sourceTree = "<group>";
		};
		46A6D6ED2A2DF3C100572121 /* Fonts */ = {
			isa = PBXGroup;
			children = (
				46A6D6EF2A2DF3D200572121 /* FuzzyBubbles-Bold.ttf */,
				46A6D6EE2A2DF3D200572121 /* FuzzyBubbles-Regular.ttf */,
			);
			path = Fonts;
			sourceTree = "<group>";
		};
		46A6D6FF2A2E3B9A00572121 /* Data */ = {
			isa = PBXGroup;
			children = (
				46A6D7002A2E3BBA00572121 /* BasicPersonData.swift */,
				46A6D7092A2E5ABA00572121 /* FactsData.swift */,
				46A6D7102A3088B900572121 /* MoviesData.swift */,
				46A6D71F2A30E1CA00572121 /* DeveloperInfoData.swift */,
			);
			path = Data;
			sourceTree = "<group>";
		};
		46A6D70D2A2E7BF700572121 /* Models */ = {
			isa = PBXGroup;
			children = (
				46A6D70E2A2E7C0C00572121 /* MovieModel.swift */,
				46A6D7212A30F4E300572121 /* DeveloperInfoModel.swift */,
			);
			path = Models;
			sourceTree = "<group>";
		};
/* End PBXGroup section */

/* Begin PBXNativeTarget section */
		46A6D6D52A2DE55800572121 /* PedroPascalLand */ = {
			isa = PBXNativeTarget;
			buildConfigurationList = 46A6D6E42A2DE55A00572121 /* Build configuration list for PBXNativeTarget "PedroPascalLand" */;
			buildPhases = (
				46A6D6D22A2DE55800572121 /* Sources */,
				46A6D6D32A2DE55800572121 /* Frameworks */,
				46A6D6D42A2DE55800572121 /* Resources */,
			);
			buildRules = (
			);
			dependencies = (
			);
			name = PedroPascalLand;
			packageProductDependencies = (
				46A6D7032A2E3C0D00572121 /* OrderedCollections */,
			);
			productName = PedroPascalLand;
			productReference = 46A6D6D62A2DE55800572121 /* PedroPascalLand.app */;
			productType = "com.apple.product-type.application";
		};
/* End PBXNativeTarget section */

/* Begin PBXProject section */
		46A6D6CE2A2DE55800572121 /* Project object */ = {
			isa = PBXProject;
			attributes = {
				BuildIndependentTargetsInParallel = 1;
				LastSwiftUpdateCheck = 1430;
				LastUpgradeCheck = 1430;
				TargetAttributes = {
					46A6D6D52A2DE55800572121 = {
						CreatedOnToolsVersion = 14.3;
					};
				};
			};
			buildConfigurationList = 46A6D6D12A2DE55800572121 /* Build configuration list for PBXProject "PedroPascalLand" */;
			compatibilityVersion = "Xcode 14.0";
			developmentRegion = en;
			hasScannedForEncodings = 0;
			knownRegions = (
				en,
				Base,
			);
			mainGroup = 46A6D6CD2A2DE55800572121;
			packageReferences = (
				46A6D7022A2E3C0D00572121 /* XCRemoteSwiftPackageReference "swift-collections" */,
			);
			productRefGroup = 46A6D6D72A2DE55800572121 /* Products */;
			projectDirPath = "";
			projectRoot = "";
			targets = (
				46A6D6D52A2DE55800572121 /* PedroPascalLand */,
			);
		};
/* End PBXProject section */

/* Begin PBXResourcesBuildPhase section */
		46A6D6D42A2DE55800572121 /* Resources */ = {
			isa = PBXResourcesBuildPhase;
			buildActionMask = 2147483647;
			files = (
				46A6D6E12A2DE55A00572121 /* Preview Assets.xcassets in Resources */,
				46A6D6DE2A2DE55A00572121 /* Assets.xcassets in Resources */,
				46A6D6F12A2DF3D200572121 /* FuzzyBubbles-Bold.ttf in Resources */,
				46A6D6F02A2DF3D200572121 /* FuzzyBubbles-Regular.ttf in Resources */,
			);
			runOnlyForDeploymentPostprocessing = 0;
		};
/* End PBXResourcesBuildPhase section */

/* Begin PBXSourcesBuildPhase section */
		46A6D6D22A2DE55800572121 /* Sources */ = {
			isa = PBXSourcesBuildPhase;
			buildActionMask = 2147483647;
			files = (
				46A6D6DC2A2DE55800572121 /* EntryView.swift in Sources */,
				46A6D7222A30F4E300572121 /* DeveloperInfoModel.swift in Sources */,
				46A6D7012A2E3BBA00572121 /* BasicPersonData.swift in Sources */,
				46A6D6DA2A2DE55800572121 /* PedroPascalLandApp.swift in Sources */,
				46A6D6F82A2E100900572121 /* PresentationView.swift in Sources */,
				46A6D70A2A2E5ABA00572121 /* FactsData.swift in Sources */,
				46A6D70C2A2E7BA300572121 /* MoviesCardView.swift in Sources */,
				46A6D7172A309F8200572121 /* MovieDetailsView.swift in Sources */,
				46A6D6E92A2DF12E00572121 /* Constants.swift in Sources */,
				46A6D7062A2E542600572121 /* InterestingFactsView.swift in Sources */,
				46A6D7112A3088B900572121 /* MoviesData.swift in Sources */,
				46A6D6EC2A2DF21400572121 /* HeaderView.swift in Sources */,
				46A6D6FE2A2E2D6A00572121 /* RoundedCornerView.swift in Sources */,
				46A6D7152A30911A00572121 /* RatingView.swift in Sources */,
				46A6D71E2A30DE5E00572121 /* DeveloperInfoView.swift in Sources */,
				46A6D6FC2A2E2AEE00572121 /* PresentationTableView.swift in Sources */,
				46A6D6FA2A2E274B00572121 /* ImageView.swift in Sources */,
				46A6D70F2A2E7C0C00572121 /* MovieModel.swift in Sources */,
				46A6D6F62A2E0A5300572121 /* EnterButtonView.swift in Sources */,
				46A6D7242A31097500572121 /* AnimationView.swift in Sources */,
				46A6D7082A2E54DC00572121 /* TitleView.swift in Sources */,
				46A6D72A2A31186100572121 /* PedroPascalLandTabView.swift in Sources */,
				46A6D7202A30E1CA00572121 /* DeveloperInfoData.swift in Sources */,
			);
			runOnlyForDeploymentPostprocessing = 0;
		};
/* End PBXSourcesBuildPhase section */

/* Begin XCBuildConfiguration section */
		46A6D6E22A2DE55A00572121 /* Debug */ = {
			isa = XCBuildConfiguration;
			buildSettings = {
				ALWAYS_SEARCH_USER_PATHS = NO;
				CLANG_ANALYZER_NONNULL = YES;
				CLANG_ANALYZER_NUMBER_OBJECT_CONVERSION = YES_AGGRESSIVE;
				CLANG_CXX_LANGUAGE_STANDARD = "gnu++20";
				CLANG_ENABLE_MODULES = YES;
				CLANG_ENABLE_OBJC_ARC = YES;
				CLANG_ENABLE_OBJC_WEAK = YES;
				CLANG_WARN_BLOCK_CAPTURE_AUTORELEASING = YES;
				CLANG_WARN_BOOL_CONVERSION = YES;
				CLANG_WARN_COMMA = YES;
				CLANG_WARN_CONSTANT_CONVERSION = YES;
				CLANG_WARN_DEPRECATED_OBJC_IMPLEMENTATIONS = YES;
				CLANG_WARN_DIRECT_OBJC_ISA_USAGE = YES_ERROR;
				CLANG_WARN_DOCUMENTATION_COMMENTS = YES;
				CLANG_WARN_EMPTY_BODY = YES;
				CLANG_WARN_ENUM_CONVERSION = YES;
				CLANG_WARN_INFINITE_RECURSION = YES;
				CLANG_WARN_INT_CONVERSION = YES;
				CLANG_WARN_NON_LITERAL_NULL_CONVERSION = YES;
				CLANG_WARN_OBJC_IMPLICIT_RETAIN_SELF = YES;
				CLANG_WARN_OBJC_LITERAL_CONVERSION = YES;
				CLANG_WARN_OBJC_ROOT_CLASS = YES_ERROR;
				CLANG_WARN_QUOTED_INCLUDE_IN_FRAMEWORK_HEADER = YES;
				CLANG_WARN_RANGE_LOOP_ANALYSIS = YES;
				CLANG_WARN_STRICT_PROTOTYPES = YES;
				CLANG_WARN_SUSPICIOUS_MOVE = YES;
				CLANG_WARN_UNGUARDED_AVAILABILITY = YES_AGGRESSIVE;
				CLANG_WARN_UNREACHABLE_CODE = YES;
				CLANG_WARN__DUPLICATE_METHOD_MATCH = YES;
				COPY_PHASE_STRIP = NO;
				DEBUG_INFORMATION_FORMAT = dwarf;
				ENABLE_STRICT_OBJC_MSGSEND = YES;
				ENABLE_TESTABILITY = YES;
				GCC_C_LANGUAGE_STANDARD = gnu11;
				GCC_DYNAMIC_NO_PIC = NO;
				GCC_NO_COMMON_BLOCKS = YES;
				GCC_OPTIMIZATION_LEVEL = 0;
				GCC_PREPROCESSOR_DEFINITIONS = (
					"DEBUG=1",
					"$(inherited)",
				);
				GCC_WARN_64_TO_32_BIT_CONVERSION = YES;
				GCC_WARN_ABOUT_RETURN_TYPE = YES_ERROR;
				GCC_WARN_UNDECLARED_SELECTOR = YES;
				GCC_WARN_UNINITIALIZED_AUTOS = YES_AGGRESSIVE;
				GCC_WARN_UNUSED_FUNCTION = YES;
				GCC_WARN_UNUSED_VARIABLE = YES;
				IPHONEOS_DEPLOYMENT_TARGET = 16.4;
				MTL_ENABLE_DEBUG_INFO = INCLUDE_SOURCE;
				MTL_FAST_MATH = YES;
				ONLY_ACTIVE_ARCH = YES;
				SDKROOT = iphoneos;
				SWIFT_ACTIVE_COMPILATION_CONDITIONS = DEBUG;
				SWIFT_OPTIMIZATION_LEVEL = "-Onone";
			};
			name = Debug;
		};
		46A6D6E32A2DE55A00572121 /* Release */ = {
			isa = XCBuildConfiguration;
			buildSettings = {
				ALWAYS_SEARCH_USER_PATHS = NO;
				CLANG_ANALYZER_NONNULL = YES;
				CLANG_ANALYZER_NUMBER_OBJECT_CONVERSION = YES_AGGRESSIVE;
				CLANG_CXX_LANGUAGE_STANDARD = "gnu++20";
				CLANG_ENABLE_MODULES = YES;
				CLANG_ENABLE_OBJC_ARC = YES;
				CLANG_ENABLE_OBJC_WEAK = YES;
				CLANG_WARN_BLOCK_CAPTURE_AUTORELEASING = YES;
				CLANG_WARN_BOOL_CONVERSION = YES;
				CLANG_WARN_COMMA = YES;
				CLANG_WARN_CONSTANT_CONVERSION = YES;
				CLANG_WARN_DEPRECATED_OBJC_IMPLEMENTATIONS = YES;
				CLANG_WARN_DIRECT_OBJC_ISA_USAGE = YES_ERROR;
				CLANG_WARN_DOCUMENTATION_COMMENTS = YES;
				CLANG_WARN_EMPTY_BODY = YES;
				CLANG_WARN_ENUM_CONVERSION = YES;
				CLANG_WARN_INFINITE_RECURSION = YES;
				CLANG_WARN_INT_CONVERSION = YES;
				CLANG_WARN_NON_LITERAL_NULL_CONVERSION = YES;
				CLANG_WARN_OBJC_IMPLICIT_RETAIN_SELF = YES;
				CLANG_WARN_OBJC_LITERAL_CONVERSION = YES;
				CLANG_WARN_OBJC_ROOT_CLASS = YES_ERROR;
				CLANG_WARN_QUOTED_INCLUDE_IN_FRAMEWORK_HEADER = YES;
				CLANG_WARN_RANGE_LOOP_ANALYSIS = YES;
				CLANG_WARN_STRICT_PROTOTYPES = YES;
				CLANG_WARN_SUSPICIOUS_MOVE = YES;
				CLANG_WARN_UNGUARDED_AVAILABILITY = YES_AGGRESSIVE;
				CLANG_WARN_UNREACHABLE_CODE = YES;
				CLANG_WARN__DUPLICATE_METHOD_MATCH = YES;
				COPY_PHASE_STRIP = NO;
				DEBUG_INFORMATION_FORMAT = "dwarf-with-dsym";
				ENABLE_NS_ASSERTIONS = NO;
				ENABLE_STRICT_OBJC_MSGSEND = YES;
				GCC_C_LANGUAGE_STANDARD = gnu11;
				GCC_NO_COMMON_BLOCKS = YES;
				GCC_WARN_64_TO_32_BIT_CONVERSION = YES;
				GCC_WARN_ABOUT_RETURN_TYPE = YES_ERROR;
				GCC_WARN_UNDECLARED_SELECTOR = YES;
				GCC_WARN_UNINITIALIZED_AUTOS = YES_AGGRESSIVE;
				GCC_WARN_UNUSED_FUNCTION = YES;
				GCC_WARN_UNUSED_VARIABLE = YES;
				IPHONEOS_DEPLOYMENT_TARGET = 16.4;
				MTL_ENABLE_DEBUG_INFO = NO;
				MTL_FAST_MATH = YES;
				SDKROOT = iphoneos;
				SWIFT_COMPILATION_MODE = wholemodule;
				SWIFT_OPTIMIZATION_LEVEL = "-O";
				VALIDATE_PRODUCT = YES;
			};
			name = Release;
		};
		46A6D6E52A2DE55A00572121 /* Debug */ = {
			isa = XCBuildConfiguration;
			buildSettings = {
				ASSETCATALOG_COMPILER_APPICON_NAME = AppIcon;
				ASSETCATALOG_COMPILER_GLOBAL_ACCENT_COLOR_NAME = AccentColor;
				CODE_SIGN_STYLE = Automatic;
				CURRENT_PROJECT_VERSION = 1;
				DEVELOPMENT_ASSET_PATHS = "\"PedroPascalLand/Preview Content\"";
				DEVELOPMENT_TEAM = 22NX7WBF6A;
				ENABLE_PREVIEWS = YES;
				GENERATE_INFOPLIST_FILE = YES;
				INFOPLIST_FILE = PedroPascalLand/Info.plist;
				INFOPLIST_KEY_UIApplicationSceneManifest_Generation = YES;
				INFOPLIST_KEY_UIApplicationSupportsIndirectInputEvents = YES;
				INFOPLIST_KEY_UILaunchScreen_Generation = YES;
				INFOPLIST_KEY_UISupportedInterfaceOrientations_iPad = "UIInterfaceOrientationPortrait UIInterfaceOrientationPortraitUpsideDown UIInterfaceOrientationLandscapeLeft UIInterfaceOrientationLandscapeRight";
				INFOPLIST_KEY_UISupportedInterfaceOrientations_iPhone = "UIInterfaceOrientationPortrait UIInterfaceOrientationLandscapeLeft UIInterfaceOrientationLandscapeRight";
				LD_RUNPATH_SEARCH_PATHS = (
					"$(inherited)",
					"@executable_path/Frameworks",
				);
				MARKETING_VERSION = 1.0;
				PRODUCT_BUNDLE_IDENTIFIER = patka.PedroPascalLand;
				PRODUCT_NAME = "$(TARGET_NAME)";
				SWIFT_EMIT_LOC_STRINGS = YES;
				SWIFT_VERSION = 5.0;
				TARGETED_DEVICE_FAMILY = "1,2";
			};
			name = Debug;
		};
		46A6D6E62A2DE55A00572121 /* Release */ = {
			isa = XCBuildConfiguration;
			buildSettings = {
				ASSETCATALOG_COMPILER_APPICON_NAME = AppIcon;
				ASSETCATALOG_COMPILER_GLOBAL_ACCENT_COLOR_NAME = AccentColor;
				CODE_SIGN_STYLE = Automatic;
				CURRENT_PROJECT_VERSION = 1;
				DEVELOPMENT_ASSET_PATHS = "\"PedroPascalLand/Preview Content\"";
				DEVELOPMENT_TEAM = 22NX7WBF6A;
				ENABLE_PREVIEWS = YES;
				GENERATE_INFOPLIST_FILE = YES;
				INFOPLIST_FILE = PedroPascalLand/Info.plist;
				INFOPLIST_KEY_UIApplicationSceneManifest_Generation = YES;
				INFOPLIST_KEY_UIApplicationSupportsIndirectInputEvents = YES;
				INFOPLIST_KEY_UILaunchScreen_Generation = YES;
				INFOPLIST_KEY_UISupportedInterfaceOrientations_iPad = "UIInterfaceOrientationPortrait UIInterfaceOrientationPortraitUpsideDown UIInterfaceOrientationLandscapeLeft UIInterfaceOrientationLandscapeRight";
				INFOPLIST_KEY_UISupportedInterfaceOrientations_iPhone = "UIInterfaceOrientationPortrait UIInterfaceOrientationLandscapeLeft UIInterfaceOrientationLandscapeRight";
				LD_RUNPATH_SEARCH_PATHS = (
					"$(inherited)",
					"@executable_path/Frameworks",
				);
				MARKETING_VERSION = 1.0;
				PRODUCT_BUNDLE_IDENTIFIER = patka.PedroPascalLand;
				PRODUCT_NAME = "$(TARGET_NAME)";
				SWIFT_EMIT_LOC_STRINGS = YES;
				SWIFT_VERSION = 5.0;
				TARGETED_DEVICE_FAMILY = "1,2";
			};
			name = Release;
		};
/* End XCBuildConfiguration section */

/* Begin XCConfigurationList section */
		46A6D6D12A2DE55800572121 /* Build configuration list for PBXProject "PedroPascalLand" */ = {
			isa = XCConfigurationList;
			buildConfigurations = (
				46A6D6E22A2DE55A00572121 /* Debug */,
				46A6D6E32A2DE55A00572121 /* Release */,
			);
			defaultConfigurationIsVisible = 0;
			defaultConfigurationName = Release;
		};
		46A6D6E42A2DE55A00572121 /* Build configuration list for PBXNativeTarget "PedroPascalLand" */ = {
			isa = XCConfigurationList;
			buildConfigurations = (
				46A6D6E52A2DE55A00572121 /* Debug */,
				46A6D6E62A2DE55A00572121 /* Release */,
			);
			defaultConfigurationIsVisible = 0;
			defaultConfigurationName = Release;
		};
/* End XCConfigurationList section */

/* Begin XCRemoteSwiftPackageReference section */
		46A6D7022A2E3C0D00572121 /* XCRemoteSwiftPackageReference "swift-collections" */ = {
			isa = XCRemoteSwiftPackageReference;
			repositoryURL = "https://github.com/apple/swift-collections.git";
			requirement = {
				kind = upToNextMajorVersion;
				minimumVersion = 1.0.0;
			};
		};
/* End XCRemoteSwiftPackageReference section */

/* Begin XCSwiftPackageProductDependency section */
		46A6D7032A2E3C0D00572121 /* OrderedCollections */ = {
			isa = XCSwiftPackageProductDependency;
			package = 46A6D7022A2E3C0D00572121 /* XCRemoteSwiftPackageReference "swift-collections" */;
			productName = OrderedCollections;
		};
/* End XCSwiftPackageProductDependency section */
	};
	rootObject = 46A6D6CE2A2DE55800572121 /* Project object */;
}
